
Microsoft Visual Studio Solution File, Format Version 12.00
# Visual Studio Version 17
VisualStudioVersion = 17.9.34714.143
MinimumVisualStudioVersion = 10.0.40219.1
Project("{FAE04EC0-301F-11D3-BF4B-00C04F79EFBC}") = "AppCalculadora2.Android", "AppCalculadora2\AppCalculadora2.Android\AppCalculadora2.Android.csproj", "{426F6D49-9F08-4296-9325-16186236A830}"
EndProject
Project("{FAE04EC0-301F-11D3-BF4B-00C04F79EFBC}") = "AppCalculadora2", "AppCalculadora2\AppCalculadora2\AppCalculadora2.csproj", "{540DED50-AB5D-4AB6-9A27-D35AD139ECDE}"
EndProject
Global
	GlobalSection(SolutionConfigurationPlatforms) = preSolution
		Debug|Any CPU = Debug|Any CPU
		Release|Any CPU = Release|Any CPU
	EndGlobalSection
	GlobalSection(ProjectConfigurationPlatforms) = postSolution
		{426F6D49-9F08-4296-9325-16186236A830}.Debug|Any CPU.ActiveCfg = Debug|Any CPU
		{426F6D49-9F08-4296-9325-16186236A830}.Debug|Any CPU.Build.0 = Debug|Any CPU
		{426F6D49-9F08-4296-9325-16186236A830}.Debug|Any CPU.Deploy.0 = Debug|Any CPU
		{426F6D49-9F08-4296-9325-16186236A830}.Release|Any CPU.ActiveCfg = Release|Any CPU
		{426F6D49-9F08-4296-9325-16186236A830}.Release|Any CPU.Build.0 = Release|Any CPU
		{426F6D49-9F08-4296-9325-16186236A830}.Release|Any CPU.Deploy.0 = Release|Any CPU
		{540DED50-AB5D-4AB6-9A27-D35AD139ECDE}.Debug|Any CPU.ActiveCfg = Debug|Any CPU
		{540DED50-AB5D-4AB6-9A27-D35AD139ECDE}.Debug|Any CPU.Build.0 = Debug|Any CPU
		{540DED50-AB5D-4AB6-9A27-D35AD139ECDE}.Debug|Any CPU.Deploy.0 = Debug|Any CPU
		{540DED50-AB5D-4AB6-9A27-D35AD139ECDE}.Release|Any CPU.ActiveCfg = Release|Any CPU
		{540DED50-AB5D-4AB6-9A27-D35AD139ECDE}.Release|Any CPU.Build.0 = Release|Any CPU
		{540DED50-AB5D-4AB6-9A27-D35AD139ECDE}.Release|Any CPU.Deploy.0 = Release|Any CPU
	EndGlobalSection
	GlobalSection(SolutionProperties) = preSolution
		HideSolutionNode = FALSE
	EndGlobalSection
	GlobalSection(ExtensibilityGlobals) = postSolution
		SolutionGuid = {F88AE688-CFE0-49D7-8307-9DFB3684EB7F}
	EndGlobalSection
EndGlobal
